// !$*UTF8*$!
{
	archiveVersion = 1;
	classes = {
	};
	objectVersion = 50;
	objects = {

/* Begin PBXBuildFile section */
		E712892225A49E2200EF8140 /* script.js in Resources */ = {isa = PBXBuildFile; fileRef = E712892125A49E2200EF8140 /* script.js */; };
		E72CA45726B29B3B008E5E32 /* Paths.swift in Sources */ = {isa = PBXBuildFile; fileRef = E72CA45626B29B3B008E5E32 /* Paths.swift */; };
		E72CA45926B29FA9008E5E32 /* PersonalStudyView.swift in Sources */ = {isa = PBXBuildFile; fileRef = E72CA45826B29FA9008E5E32 /* PersonalStudyView.swift */; };
		E72CA45B26B2A1B4008E5E32 /* NoteManager.swift in Sources */ = {isa = PBXBuildFile; fileRef = E72CA45A26B2A1B4008E5E32 /* NoteManager.swift */; };
		E73B94CD259F89940053F13A /* DBManager.swift in Sources */ = {isa = PBXBuildFile; fileRef = E73B94CC259F89940053F13A /* DBManager.swift */; };
		E73DC99226C469B50024C1FB /* JWPubExtractor.swift in Sources */ = {isa = PBXBuildFile; fileRef = E73DC99126C469B50024C1FB /* JWPubExtractor.swift */; };
		E7508B9225A0AFF100A1E16B /* Generals.swift in Sources */ = {isa = PBXBuildFile; fileRef = E7508B9125A0AFF100A1E16B /* Generals.swift */; };
		E7508B9525A0C73300A1E16B /* .swiftlint.yml in Resources */ = {isa = PBXBuildFile; fileRef = E7508B9425A0C73300A1E16B /* .swiftlint.yml */; };
		E7508B9725A0D4DF00A1E16B /* Stuff.swift in Sources */ = {isa = PBXBuildFile; fileRef = E7508B9625A0D4DF00A1E16B /* Stuff.swift */; };
		E7508B9925A0DDB200A1E16B /* BibleChaptersView.swift in Sources */ = {isa = PBXBuildFile; fileRef = E7508B9825A0DDB200A1E16B /* BibleChaptersView.swift */; };
		E7508B9B25A0DDE900A1E16B /* BibleBooksView.swift in Sources */ = {isa = PBXBuildFile; fileRef = E7508B9A25A0DDE900A1E16B /* BibleBooksView.swift */; };
		E7508B9D25A1240A00A1E16B /* ArticleView.swift in Sources */ = {isa = PBXBuildFile; fileRef = E7508B9C25A1240A00A1E16B /* ArticleView.swift */; };
		E7508B9F25A12BB100A1E16B /* WebBrowserView.swift in Sources */ = {isa = PBXBuildFile; fileRef = E7508B9E25A12BB100A1E16B /* WebBrowserView.swift */; };
		E77503C3259F468600F1E263 /* JWLibraryApp.swift in Sources */ = {isa = PBXBuildFile; fileRef = E77503C2259F468600F1E263 /* JWLibraryApp.swift */; };
		E77503C5259F468600F1E263 /* ContentView.swift in Sources */ = {isa = PBXBuildFile; fileRef = E77503C4259F468600F1E263 /* ContentView.swift */; };
		E77503C7259F468600F1E263 /* Assets.xcassets in Resources */ = {isa = PBXBuildFile; fileRef = E77503C6259F468600F1E263 /* Assets.xcassets */; };
		E77503CA259F468600F1E263 /* Preview Assets.xcassets in Resources */ = {isa = PBXBuildFile; fileRef = E77503C9259F468600F1E263 /* Preview Assets.xcassets */; };
		E77503D8259F47D600F1E263 /* SidebarView.swift in Sources */ = {isa = PBXBuildFile; fileRef = E77503D7259F47D600F1E263 /* SidebarView.swift */; };
		E776A53126B2923800F257EB /* ButtonStyle.swift in Sources */ = {isa = PBXBuildFile; fileRef = E776A53026B2923800F257EB /* ButtonStyle.swift */; };
		E776A53426B292DC00F257EB /* Ext_String.swift in Sources */ = {isa = PBXBuildFile; fileRef = E776A53326B292DC00F257EB /* Ext_String.swift */; };
		E776A53626B2931000F257EB /* Ext_Int.swift in Sources */ = {isa = PBXBuildFile; fileRef = E776A53526B2931000F257EB /* Ext_Int.swift */; };
		E776A53826B2934400F257EB /* Ext_Color.swift in Sources */ = {isa = PBXBuildFile; fileRef = E776A53726B2934400F257EB /* Ext_Color.swift */; };
		E776A53A26B2937000F257EB /* Ext_FileManager.swift in Sources */ = {isa = PBXBuildFile; fileRef = E776A53926B2937000F257EB /* Ext_FileManager.swift */; };
		E776A53C26B2939F00F257EB /* Ext_DispatchQueue.swift in Sources */ = {isa = PBXBuildFile; fileRef = E776A53B26B2939F00F257EB /* Ext_DispatchQueue.swift */; };
		E776A53F26B2943600F257EB /* HighlightManager.swift in Sources */ = {isa = PBXBuildFile; fileRef = E776A53E26B2943600F257EB /* HighlightManager.swift */; };
		E776A54126B294B900F257EB /* LocationManager.swift in Sources */ = {isa = PBXBuildFile; fileRef = E776A54026B294B900F257EB /* LocationManager.swift */; };
		E776A54326B2956800F257EB /* BlockRangeManager.swift in Sources */ = {isa = PBXBuildFile; fileRef = E776A54226B2956800F257EB /* BlockRangeManager.swift */; };
		E776A54526B295F900F257EB /* UserMarkManager.swift in Sources */ = {isa = PBXBuildFile; fileRef = E776A54426B295F900F257EB /* UserMarkManager.swift */; };
		E776A54726B2965E00F257EB /* BackupManager.swift in Sources */ = {isa = PBXBuildFile; fileRef = E776A54626B2965E00F257EB /* BackupManager.swift */; };
		E77FD4EE25A208D400469C6D /* manifestDefault.json in Resources */ = {isa = PBXBuildFile; fileRef = E77FD4EC25A208D400469C6D /* manifestDefault.json */; };
		E77FD4EF25A208D400469C6D /* user_data.db in Resources */ = {isa = PBXBuildFile; fileRef = E77FD4ED25A208D400469C6D /* user_data.db */; };
		E77FD4F125A2093B00469C6D /* style.css in Resources */ = {isa = PBXBuildFile; fileRef = E77FD4F025A2093B00469C6D /* style.css */; };
		E7801E2525AF444C005C86C8 /* PubbView.swift in Sources */ = {isa = PBXBuildFile; fileRef = E7801E2425AF444C005C86C8 /* PubbView.swift */; };
		E78B7B37259F58E600F27D2E /* JWPubManager.swift in Sources */ = {isa = PBXBuildFile; fileRef = E78B7B36259F58E600F27D2E /* JWPubManager.swift */; };
		E78B7B3A259F592300F27D2E /* FileDownloader.swift in Sources */ = {isa = PBXBuildFile; fileRef = E78B7B39259F592300F27D2E /* FileDownloader.swift */; };
		E78B7B43259F5C2800F27D2E /* BibleView.swift in Sources */ = {isa = PBXBuildFile; fileRef = E78B7B42259F5C2800F27D2E /* BibleView.swift */; };
		E78B7B75259F67DB00F27D2E /* Data+Serialization.swift in Sources */ = {isa = PBXBuildFile; fileRef = E78B7B6D259F67DB00F27D2E /* Data+Serialization.swift */; };
		E78B7B76259F67DB00F27D2E /* Data+Compression.swift in Sources */ = {isa = PBXBuildFile; fileRef = E78B7B6E259F67DB00F27D2E /* Data+Compression.swift */; };
		E78B7B77259F67DB00F27D2E /* Archive.swift in Sources */ = {isa = PBXBuildFile; fileRef = E78B7B6F259F67DB00F27D2E /* Archive.swift */; };
		E78B7B78259F67DB00F27D2E /* FileManager+ZIP.swift in Sources */ = {isa = PBXBuildFile; fileRef = E78B7B70259F67DB00F27D2E /* FileManager+ZIP.swift */; };
		E78B7B79259F67DB00F27D2E /* Archive+Reading.swift in Sources */ = {isa = PBXBuildFile; fileRef = E78B7B71259F67DB00F27D2E /* Archive+Reading.swift */; };
		E78B7B7A259F67DB00F27D2E /* Archive+MemoryFile.swift in Sources */ = {isa = PBXBuildFile; fileRef = E78B7B72259F67DB00F27D2E /* Archive+MemoryFile.swift */; };
		E78B7B7B259F67DB00F27D2E /* Archive+Writing.swift in Sources */ = {isa = PBXBuildFile; fileRef = E78B7B73259F67DB00F27D2E /* Archive+Writing.swift */; };
		E78B7B7C259F67DB00F27D2E /* Entry.swift in Sources */ = {isa = PBXBuildFile; fileRef = E78B7B74259F67DB00F27D2E /* Entry.swift */; };
		E78B850E25A372B300C2A72A /* AppuntiDel2019.png in Resources */ = {isa = PBXBuildFile; fileRef = E78B850D25A372B300C2A72A /* AppuntiDel2019.png */; };
/* End PBXBuildFile section */

/* Begin PBXCopyFilesBuildPhase section */
		E73B94C8259F886D0053F13A /* Embed Frameworks */ = {
			isa = PBXCopyFilesBuildPhase;
			buildActionMask = 2147483647;
			dstPath = "";
			dstSubfolderSpec = 10;
			files = (
			);
			name = "Embed Frameworks";
			runOnlyForDeploymentPostprocessing = 0;
		};
/* End PBXCopyFilesBuildPhase section */

/* Begin PBXFileReference section */
		E712892125A49E2200EF8140 /* script.js */ = {isa = PBXFileReference; lastKnownFileType = sourcecode.javascript; path = script.js; sourceTree = "<group>"; };
		E72CA45626B29B3B008E5E32 /* Paths.swift */ = {isa = PBXFileReference; lastKnownFileType = sourcecode.swift; path = Paths.swift; sourceTree = "<group>"; };
		E72CA45826B29FA9008E5E32 /* PersonalStudyView.swift */ = {isa = PBXFileReference; lastKnownFileType = sourcecode.swift; path = PersonalStudyView.swift; sourceTree = "<group>"; };
		E72CA45A26B2A1B4008E5E32 /* NoteManager.swift */ = {isa = PBXFileReference; lastKnownFileType = sourcecode.swift; path = NoteManager.swift; sourceTree = "<group>"; };
		E73B94CC259F89940053F13A /* DBManager.swift */ = {isa = PBXFileReference; lastKnownFileType = sourcecode.swift; path = DBManager.swift; sourceTree = "<group>"; };
		E73DC99126C469B50024C1FB /* JWPubExtractor.swift */ = {isa = PBXFileReference; lastKnownFileType = sourcecode.swift; path = JWPubExtractor.swift; sourceTree = "<group>"; };
		E7508B9125A0AFF100A1E16B /* Generals.swift */ = {isa = PBXFileReference; lastKnownFileType = sourcecode.swift; path = Generals.swift; sourceTree = "<group>"; };
		E7508B9425A0C73300A1E16B /* .swiftlint.yml */ = {isa = PBXFileReference; lastKnownFileType = text.yaml; path = .swiftlint.yml; sourceTree = "<group>"; };
		E7508B9625A0D4DF00A1E16B /* Stuff.swift */ = {isa = PBXFileReference; lastKnownFileType = sourcecode.swift; path = Stuff.swift; sourceTree = "<group>"; };
		E7508B9825A0DDB200A1E16B /* BibleChaptersView.swift */ = {isa = PBXFileReference; lastKnownFileType = sourcecode.swift; path = BibleChaptersView.swift; sourceTree = "<group>"; };
		E7508B9A25A0DDE900A1E16B /* BibleBooksView.swift */ = {isa = PBXFileReference; lastKnownFileType = sourcecode.swift; path = BibleBooksView.swift; sourceTree = "<group>"; };
		E7508B9C25A1240A00A1E16B /* ArticleView.swift */ = {isa = PBXFileReference; lastKnownFileType = sourcecode.swift; path = ArticleView.swift; sourceTree = "<group>"; };
		E7508B9E25A12BB100A1E16B /* WebBrowserView.swift */ = {isa = PBXFileReference; lastKnownFileType = sourcecode.swift; path = WebBrowserView.swift; sourceTree = "<group>"; };
		E77503BF259F468600F1E263 /* JW Library.app */ = {isa = PBXFileReference; explicitFileType = wrapper.application; includeInIndex = 0; path = "JW Library.app"; sourceTree = BUILT_PRODUCTS_DIR; };
		E77503C2259F468600F1E263 /* JWLibraryApp.swift */ = {isa = PBXFileReference; lastKnownFileType = sourcecode.swift; path = JWLibraryApp.swift; sourceTree = "<group>"; };
		E77503C4259F468600F1E263 /* ContentView.swift */ = {isa = PBXFileReference; lastKnownFileType = sourcecode.swift; path = ContentView.swift; sourceTree = "<group>"; };
		E77503C6259F468600F1E263 /* Assets.xcassets */ = {isa = PBXFileReference; lastKnownFileType = folder.assetcatalog; path = Assets.xcassets; sourceTree = "<group>"; };
		E77503C9259F468600F1E263 /* Preview Assets.xcassets */ = {isa = PBXFileReference; lastKnownFileType = folder.assetcatalog; path = "Preview Assets.xcassets"; sourceTree = "<group>"; };
		E77503CB259F468600F1E263 /* Info.plist */ = {isa = PBXFileReference; lastKnownFileType = text.plist.xml; path = Info.plist; sourceTree = "<group>"; };
		E77503CC259F468600F1E263 /* JWLibrary.entitlements */ = {isa = PBXFileReference; lastKnownFileType = text.plist.entitlements; path = JWLibrary.entitlements; sourceTree = "<group>"; };
		E77503D7259F47D600F1E263 /* SidebarView.swift */ = {isa = PBXFileReference; fileEncoding = 4; lastKnownFileType = sourcecode.swift; path = SidebarView.swift; sourceTree = "<group>"; };
		E776A53026B2923800F257EB /* ButtonStyle.swift */ = {isa = PBXFileReference; lastKnownFileType = sourcecode.swift; path = ButtonStyle.swift; sourceTree = "<group>"; };
		E776A53326B292DC00F257EB /* Ext_String.swift */ = {isa = PBXFileReference; lastKnownFileType = sourcecode.swift; path = Ext_String.swift; sourceTree = "<group>"; };
		E776A53526B2931000F257EB /* Ext_Int.swift */ = {isa = PBXFileReference; lastKnownFileType = sourcecode.swift; path = Ext_Int.swift; sourceTree = "<group>"; };
		E776A53726B2934400F257EB /* Ext_Color.swift */ = {isa = PBXFileReference; lastKnownFileType = sourcecode.swift; path = Ext_Color.swift; sourceTree = "<group>"; };
		E776A53926B2937000F257EB /* Ext_FileManager.swift */ = {isa = PBXFileReference; lastKnownFileType = sourcecode.swift; path = Ext_FileManager.swift; sourceTree = "<group>"; };
		E776A53B26B2939F00F257EB /* Ext_DispatchQueue.swift */ = {isa = PBXFileReference; lastKnownFileType = sourcecode.swift; path = Ext_DispatchQueue.swift; sourceTree = "<group>"; };
		E776A53E26B2943600F257EB /* HighlightManager.swift */ = {isa = PBXFileReference; lastKnownFileType = sourcecode.swift; path = HighlightManager.swift; sourceTree = "<group>"; };
		E776A54026B294B900F257EB /* LocationManager.swift */ = {isa = PBXFileReference; lastKnownFileType = sourcecode.swift; path = LocationManager.swift; sourceTree = "<group>"; };
		E776A54226B2956800F257EB /* BlockRangeManager.swift */ = {isa = PBXFileReference; lastKnownFileType = sourcecode.swift; path = BlockRangeManager.swift; sourceTree = "<group>"; };
		E776A54426B295F900F257EB /* UserMarkManager.swift */ = {isa = PBXFileReference; lastKnownFileType = sourcecode.swift; path = UserMarkManager.swift; sourceTree = "<group>"; };
		E776A54626B2965E00F257EB /* BackupManager.swift */ = {isa = PBXFileReference; lastKnownFileType = sourcecode.swift; path = BackupManager.swift; sourceTree = "<group>"; };
		E77FD4EC25A208D400469C6D /* manifestDefault.json */ = {isa = PBXFileReference; fileEncoding = 4; lastKnownFileType = text.json; path = manifestDefault.json; sourceTree = "<group>"; };
		E77FD4ED25A208D400469C6D /* user_data.db */ = {isa = PBXFileReference; lastKnownFileType = file; path = user_data.db; sourceTree = "<group>"; };
		E77FD4F025A2093B00469C6D /* style.css */ = {isa = PBXFileReference; lastKnownFileType = text.css; path = style.css; sourceTree = "<group>"; };
		E7801E2425AF444C005C86C8 /* PubbView.swift */ = {isa = PBXFileReference; lastKnownFileType = sourcecode.swift; path = PubbView.swift; sourceTree = "<group>"; };
		E78B7B36259F58E600F27D2E /* JWPubManager.swift */ = {isa = PBXFileReference; lastKnownFileType = sourcecode.swift; path = JWPubManager.swift; sourceTree = "<group>"; };
		E78B7B39259F592300F27D2E /* FileDownloader.swift */ = {isa = PBXFileReference; lastKnownFileType = sourcecode.swift; path = FileDownloader.swift; sourceTree = "<group>"; };
		E78B7B42259F5C2800F27D2E /* BibleView.swift */ = {isa = PBXFileReference; lastKnownFileType = sourcecode.swift; path = BibleView.swift; sourceTree = "<group>"; };
		E78B7B6D259F67DB00F27D2E /* Data+Serialization.swift */ = {isa = PBXFileReference; fileEncoding = 4; lastKnownFileType = sourcecode.swift; path = "Data+Serialization.swift"; sourceTree = "<group>"; };
		E78B7B6E259F67DB00F27D2E /* Data+Compression.swift */ = {isa = PBXFileReference; fileEncoding = 4; lastKnownFileType = sourcecode.swift; path = "Data+Compression.swift"; sourceTree = "<group>"; };
		E78B7B6F259F67DB00F27D2E /* Archive.swift */ = {isa = PBXFileReference; fileEncoding = 4; lastKnownFileType = sourcecode.swift; path = Archive.swift; sourceTree = "<group>"; };
		E78B7B70259F67DB00F27D2E /* FileManager+ZIP.swift */ = {isa = PBXFileReference; fileEncoding = 4; lastKnownFileType = sourcecode.swift; path = "FileManager+ZIP.swift"; sourceTree = "<group>"; };
		E78B7B71259F67DB00F27D2E /* Archive+Reading.swift */ = {isa = PBXFileReference; fileEncoding = 4; lastKnownFileType = sourcecode.swift; path = "Archive+Reading.swift"; sourceTree = "<group>"; };
		E78B7B72259F67DB00F27D2E /* Archive+MemoryFile.swift */ = {isa = PBXFileReference; fileEncoding = 4; lastKnownFileType = sourcecode.swift; path = "Archive+MemoryFile.swift"; sourceTree = "<group>"; };
		E78B7B73259F67DB00F27D2E /* Archive+Writing.swift */ = {isa = PBXFileReference; fileEncoding = 4; lastKnownFileType = sourcecode.swift; path = "Archive+Writing.swift"; sourceTree = "<group>"; };
		E78B7B74259F67DB00F27D2E /* Entry.swift */ = {isa = PBXFileReference; fileEncoding = 4; lastKnownFileType = sourcecode.swift; path = Entry.swift; sourceTree = "<group>"; };
		E78B7B7F259F67ED00F27D2E /* shim.h */ = {isa = PBXFileReference; lastKnownFileType = sourcecode.c.h; path = shim.h; sourceTree = "<group>"; };
		E78B7B80259F67ED00F27D2E /* module.modulemap */ = {isa = PBXFileReference; lastKnownFileType = "sourcecode.module-map"; path = module.modulemap; sourceTree = "<group>"; };
		E78B850D25A372B300C2A72A /* AppuntiDel2019.png */ = {isa = PBXFileReference; lastKnownFileType = image.png; path = AppuntiDel2019.png; sourceTree = "<group>"; };
/* End PBXFileReference section */

/* Begin PBXFrameworksBuildPhase section */
		E77503BC259F468600F1E263 /* Frameworks */ = {
			isa = PBXFrameworksBuildPhase;
			buildActionMask = 2147483647;
			files = (
			);
			runOnlyForDeploymentPostprocessing = 0;
		};
/* End PBXFrameworksBuildPhase section */

/* Begin PBXGroup section */
		E77503B6259F468500F1E263 = {
			isa = PBXGroup;
			children = (
				E77503C1259F468600F1E263 /* JWLibrary */,
				E77503C0259F468600F1E263 /* Products */,
			);
			sourceTree = "<group>";
		};
		E77503C0259F468600F1E263 /* Products */ = {
			isa = PBXGroup;
			children = (
				E77503BF259F468600F1E263 /* JW Library.app */,
			);
			name = Products;
			sourceTree = "<group>";
		};
		E77503C1259F468600F1E263 /* JWLibrary */ = {
			isa = PBXGroup;
			children = (
				E78B850B25A3723700C2A72A /* Robe */,
				E77FD4EB25A208C600469C6D /* Files */,
				E78B7B6B259F67C200F27D2E /* Zip */,
				E78B7B3D259F5C0600F27D2E /* SubViews */,
				E78B7B3C259F5BCE00F27D2E /* Utility */,
				E77503C2259F468600F1E263 /* JWLibraryApp.swift */,
				E77503D7259F47D600F1E263 /* SidebarView.swift */,
				E77503C4259F468600F1E263 /* ContentView.swift */,
				E7508B9E25A12BB100A1E16B /* WebBrowserView.swift */,
				E77503C6259F468600F1E263 /* Assets.xcassets */,
				E77503CB259F468600F1E263 /* Info.plist */,
				E77503CC259F468600F1E263 /* JWLibrary.entitlements */,
				E7508B9425A0C73300A1E16B /* .swiftlint.yml */,
				E77503C8259F468600F1E263 /* Preview Content */,
			);
			path = JWLibrary;
			sourceTree = "<group>";
		};
		E77503C8259F468600F1E263 /* Preview Content */ = {
			isa = PBXGroup;
			children = (
				E77503C9259F468600F1E263 /* Preview Assets.xcassets */,
			);
			path = "Preview Content";
			sourceTree = "<group>";
		};
		E776A52F26B2921E00F257EB /* Structures */ = {
			isa = PBXGroup;
			children = (
				E72CA45626B29B3B008E5E32 /* Paths.swift */,
				E7508B9125A0AFF100A1E16B /* Generals.swift */,
				E776A53026B2923800F257EB /* ButtonStyle.swift */,
			);
			path = Structures;
			sourceTree = "<group>";
		};
		E776A53226B292BA00F257EB /* Extensions */ = {
			isa = PBXGroup;
			children = (
				E776A53326B292DC00F257EB /* Ext_String.swift */,
				E776A53526B2931000F257EB /* Ext_Int.swift */,
				E776A53726B2934400F257EB /* Ext_Color.swift */,
				E776A53926B2937000F257EB /* Ext_FileManager.swift */,
				E776A53B26B2939F00F257EB /* Ext_DispatchQueue.swift */,
			);
			path = Extensions;
			sourceTree = "<group>";
		};
		E776A53D26B2941700F257EB /* UserData */ = {
			isa = PBXGroup;
			children = (
				E776A53E26B2943600F257EB /* HighlightManager.swift */,
				E776A54026B294B900F257EB /* LocationManager.swift */,
				E776A54226B2956800F257EB /* BlockRangeManager.swift */,
				E776A54426B295F900F257EB /* UserMarkManager.swift */,
				E776A54626B2965E00F257EB /* BackupManager.swift */,
				E72CA45A26B2A1B4008E5E32 /* NoteManager.swift */,
			);
			path = UserData;
			sourceTree = "<group>";
		};
		E77FD4EB25A208C600469C6D /* Files */ = {
			isa = PBXGroup;
			children = (
				E77FD4EC25A208D400469C6D /* manifestDefault.json */,
				E77FD4ED25A208D400469C6D /* user_data.db */,
				E77FD4F025A2093B00469C6D /* style.css */,
				E712892125A49E2200EF8140 /* script.js */,
			);
			path = Files;
			sourceTree = "<group>";
		};
		E78B7B3C259F5BCE00F27D2E /* Utility */ = {
			isa = PBXGroup;
			children = (
				E776A53D26B2941700F257EB /* UserData */,
				E776A53226B292BA00F257EB /* Extensions */,
				E776A52F26B2921E00F257EB /* Structures */,
				E78B7B39259F592300F27D2E /* FileDownloader.swift */,
				E78B7B36259F58E600F27D2E /* JWPubManager.swift */,
				E73B94CC259F89940053F13A /* DBManager.swift */,
				E73DC99126C469B50024C1FB /* JWPubExtractor.swift */,
				E7508B9625A0D4DF00A1E16B /* Stuff.swift */,
			);
			path = Utility;
			sourceTree = "<group>";
		};
		E78B7B3D259F5C0600F27D2E /* SubViews */ = {
			isa = PBXGroup;
			children = (
				E78B7B42259F5C2800F27D2E /* BibleView.swift */,
				E7508B9A25A0DDE900A1E16B /* BibleBooksView.swift */,
				E7508B9825A0DDB200A1E16B /* BibleChaptersView.swift */,
				E7508B9C25A1240A00A1E16B /* ArticleView.swift */,
				E7801E2425AF444C005C86C8 /* PubbView.swift */,
				E72CA45826B29FA9008E5E32 /* PersonalStudyView.swift */,
			);
			path = SubViews;
			sourceTree = "<group>";
		};
		E78B7B6B259F67C200F27D2E /* Zip */ = {
			isa = PBXGroup;
			children = (
				E78B7B7E259F67DF00F27D2E /* CZLib */,
				E78B7B6C259F67CA00F27D2E /* ZIPFoundation */,
			);
			path = Zip;
			sourceTree = "<group>";
		};
		E78B7B6C259F67CA00F27D2E /* ZIPFoundation */ = {
			isa = PBXGroup;
			children = (
				E78B7B6F259F67DB00F27D2E /* Archive.swift */,
				E78B7B72259F67DB00F27D2E /* Archive+MemoryFile.swift */,
				E78B7B71259F67DB00F27D2E /* Archive+Reading.swift */,
				E78B7B73259F67DB00F27D2E /* Archive+Writing.swift */,
				E78B7B6E259F67DB00F27D2E /* Data+Compression.swift */,
				E78B7B6D259F67DB00F27D2E /* Data+Serialization.swift */,
				E78B7B74259F67DB00F27D2E /* Entry.swift */,
				E78B7B70259F67DB00F27D2E /* FileManager+ZIP.swift */,
			);
			path = ZIPFoundation;
			sourceTree = "<group>";
		};
		E78B7B7E259F67DF00F27D2E /* CZLib */ = {
			isa = PBXGroup;
			children = (
				E78B7B80259F67ED00F27D2E /* module.modulemap */,
				E78B7B7F259F67ED00F27D2E /* shim.h */,
			);
			path = CZLib;
			sourceTree = "<group>";
		};
		E78B850B25A3723700C2A72A /* Robe */ = {
			isa = PBXGroup;
			children = (
				E78B850D25A372B300C2A72A /* AppuntiDel2019.png */,
			);
			path = Robe;
			sourceTree = "<group>";
		};
/* End PBXGroup section */

/* Begin PBXNativeTarget section */
		E77503BE259F468600F1E263 /* JWLibrary */ = {
			isa = PBXNativeTarget;
			buildConfigurationList = E77503CF259F468600F1E263 /* Build configuration list for PBXNativeTarget "JWLibrary" */;
			buildPhases = (
				E77503BB259F468600F1E263 /* Sources */,
				E77503BC259F468600F1E263 /* Frameworks */,
				E77503BD259F468600F1E263 /* Resources */,
				E73B94C8259F886D0053F13A /* Embed Frameworks */,
				E7508B9325A0C4B600A1E16B /* ShellScript */,
			);
			buildRules = (
			);
			dependencies = (
			);
			name = JWLibrary;
			productName = JWLibrary;
			productReference = E77503BF259F468600F1E263 /* JW Library.app */;
			productType = "com.apple.product-type.application";
		};
/* End PBXNativeTarget section */

/* Begin PBXProject section */
		E77503B7259F468500F1E263 /* Project object */ = {
			isa = PBXProject;
			attributes = {
				LastSwiftUpdateCheck = 1230;
				LastUpgradeCheck = 1300;
				TargetAttributes = {
					E77503BE259F468600F1E263 = {
						CreatedOnToolsVersion = 12.3;
					};
				};
			};
			buildConfigurationList = E77503BA259F468500F1E263 /* Build configuration list for PBXProject "JWLibrary" */;
			compatibilityVersion = "Xcode 9.3";
			developmentRegion = en;
			hasScannedForEncodings = 0;
			knownRegions = (
				en,
				Base,
			);
			mainGroup = E77503B6259F468500F1E263;
			productRefGroup = E77503C0259F468600F1E263 /* Products */;
			projectDirPath = "";
			projectRoot = "";
			targets = (
				E77503BE259F468600F1E263 /* JWLibrary */,
			);
		};
/* End PBXProject section */

/* Begin PBXResourcesBuildPhase section */
		E77503BD259F468600F1E263 /* Resources */ = {
			isa = PBXResourcesBuildPhase;
			buildActionMask = 2147483647;
			files = (
				E77FD4EE25A208D400469C6D /* manifestDefault.json in Resources */,
				E712892225A49E2200EF8140 /* script.js in Resources */,
				E77FD4F125A2093B00469C6D /* style.css in Resources */,
				E7508B9525A0C73300A1E16B /* .swiftlint.yml in Resources */,
				E77FD4EF25A208D400469C6D /* user_data.db in Resources */,
				E78B850E25A372B300C2A72A /* AppuntiDel2019.png in Resources */,
				E77503CA259F468600F1E263 /* Preview Assets.xcassets in Resources */,
				E77503C7259F468600F1E263 /* Assets.xcassets in Resources */,
			);
			runOnlyForDeploymentPostprocessing = 0;
		};
/* End PBXResourcesBuildPhase section */

/* Begin PBXShellScriptBuildPhase section */
		E7508B9325A0C4B600A1E16B /* ShellScript */ = {
			isa = PBXShellScriptBuildPhase;
			buildActionMask = 2147483647;
			files = (
			);
			inputFileListPaths = (
			);
			inputPaths = (
			);
			outputFileListPaths = (
			);
			outputPaths = (
			);
			runOnlyForDeploymentPostprocessing = 0;
			shellPath = /bin/sh;
			shellScript = "# Type a script or drag a script file from your workspace to insert its path.\nif test -d \"/opt/homebrew/bin/\"; then\n  PATH=\"/opt/homebrew/bin/:${PATH}\"\nfi\n\nexport PATH\n\nif which swiftlint >/dev/null; then\n  swiftlint\nelse\n  echo \"warning: SwiftLint not installed, download from https://github.com/realm/SwiftLint\"\nfi\n";
		};
/* End PBXShellScriptBuildPhase section */

/* Begin PBXSourcesBuildPhase section */
		E77503BB259F468600F1E263 /* Sources */ = {
			isa = PBXSourcesBuildPhase;
			buildActionMask = 2147483647;
			files = (
				E7508B9225A0AFF100A1E16B /* Generals.swift in Sources */,
				E78B7B7C259F67DB00F27D2E /* Entry.swift in Sources */,
				E78B7B77259F67DB00F27D2E /* Archive.swift in Sources */,
				E776A54326B2956800F257EB /* BlockRangeManager.swift in Sources */,
				E77503C5259F468600F1E263 /* ContentView.swift in Sources */,
				E776A53F26B2943600F257EB /* HighlightManager.swift in Sources */,
				E78B7B7B259F67DB00F27D2E /* Archive+Writing.swift in Sources */,
				E78B7B43259F5C2800F27D2E /* BibleView.swift in Sources */,
				E776A54126B294B900F257EB /* LocationManager.swift in Sources */,
				E776A53626B2931000F257EB /* Ext_Int.swift in Sources */,
				E7508B9725A0D4DF00A1E16B /* Stuff.swift in Sources */,
				E776A54726B2965E00F257EB /* BackupManager.swift in Sources */,
				E78B7B3A259F592300F27D2E /* FileDownloader.swift in Sources */,
				E776A53826B2934400F257EB /* Ext_Color.swift in Sources */,
				E776A53126B2923800F257EB /* ButtonStyle.swift in Sources */,
				E776A53A26B2937000F257EB /* Ext_FileManager.swift in Sources */,
				E78B7B78259F67DB00F27D2E /* FileManager+ZIP.swift in Sources */,
				E78B7B76259F67DB00F27D2E /* Data+Compression.swift in Sources */,
				E78B7B79259F67DB00F27D2E /* Archive+Reading.swift in Sources */,
				E72CA45926B29FA9008E5E32 /* PersonalStudyView.swift in Sources */,
				E7508B9F25A12BB100A1E16B /* WebBrowserView.swift in Sources */,
				E72CA45B26B2A1B4008E5E32 /* NoteManager.swift in Sources */,
				E72CA45726B29B3B008E5E32 /* Paths.swift in Sources */,
				E776A53426B292DC00F257EB /* Ext_String.swift in Sources */,
				E78B7B37259F58E600F27D2E /* JWPubManager.swift in Sources */,
				E73B94CD259F89940053F13A /* DBManager.swift in Sources */,
				E78B7B7A259F67DB00F27D2E /* Archive+MemoryFile.swift in Sources */,
				E77503D8259F47D600F1E263 /* SidebarView.swift in Sources */,
				E776A53C26B2939F00F257EB /* Ext_DispatchQueue.swift in Sources */,
				E78B7B75259F67DB00F27D2E /* Data+Serialization.swift in Sources */,
				E7508B9925A0DDB200A1E16B /* BibleChaptersView.swift in Sources */,
				E7508B9B25A0DDE900A1E16B /* BibleBooksView.swift in Sources */,
				E7801E2525AF444C005C86C8 /* PubbView.swift in Sources */,
				E73DC99226C469B50024C1FB /* JWPubExtractor.swift in Sources */,
				E776A54526B295F900F257EB /* UserMarkManager.swift in Sources */,
				E7508B9D25A1240A00A1E16B /* ArticleView.swift in Sources */,
				E77503C3259F468600F1E263 /* JWLibraryApp.swift in Sources */,
			);
			runOnlyForDeploymentPostprocessing = 0;
		};
/* End PBXSourcesBuildPhase section */

/* Begin XCBuildConfiguration section */
		E77503CD259F468600F1E263 /* Debug */ = {
			isa = XCBuildConfiguration;
			buildSettings = {
				ALWAYS_SEARCH_USER_PATHS = NO;
				CLANG_ANALYZER_NONNULL = YES;
				CLANG_ANALYZER_NUMBER_OBJECT_CONVERSION = YES_AGGRESSIVE;
				CLANG_CXX_LANGUAGE_STANDARD = "gnu++14";
				CLANG_CXX_LIBRARY = "libc++";
				CLANG_ENABLE_MODULES = YES;
				CLANG_ENABLE_OBJC_ARC = YES;
				CLANG_ENABLE_OBJC_WEAK = YES;
				CLANG_WARN_BLOCK_CAPTURE_AUTORELEASING = YES;
				CLANG_WARN_BOOL_CONVERSION = YES;
				CLANG_WARN_COMMA = YES;
				CLANG_WARN_CONSTANT_CONVERSION = YES;
				CLANG_WARN_DEPRECATED_OBJC_IMPLEMENTATIONS = YES;
				CLANG_WARN_DIRECT_OBJC_ISA_USAGE = YES_ERROR;
				CLANG_WARN_DOCUMENTATION_COMMENTS = YES;
				CLANG_WARN_EMPTY_BODY = YES;
				CLANG_WARN_ENUM_CONVERSION = YES;
				CLANG_WARN_INFINITE_RECURSION = YES;
				CLANG_WARN_INT_CONVERSION = YES;
				CLANG_WARN_NON_LITERAL_NULL_CONVERSION = YES;
				CLANG_WARN_OBJC_IMPLICIT_RETAIN_SELF = YES;
				CLANG_WARN_OBJC_LITERAL_CONVERSION = YES;
				CLANG_WARN_OBJC_ROOT_CLASS = YES_ERROR;
				CLANG_WARN_QUOTED_INCLUDE_IN_FRAMEWORK_HEADER = YES;
				CLANG_WARN_RANGE_LOOP_ANALYSIS = YES;
				CLANG_WARN_STRICT_PROTOTYPES = YES;
				CLANG_WARN_SUSPICIOUS_MOVE = YES;
				CLANG_WARN_UNGUARDED_AVAILABILITY = YES_AGGRESSIVE;
				CLANG_WARN_UNREACHABLE_CODE = YES;
				CLANG_WARN__DUPLICATE_METHOD_MATCH = YES;
				COPY_PHASE_STRIP = NO;
				DEBUG_INFORMATION_FORMAT = dwarf;
				ENABLE_STRICT_OBJC_MSGSEND = YES;
				ENABLE_TESTABILITY = YES;
				GCC_C_LANGUAGE_STANDARD = gnu11;
				GCC_DYNAMIC_NO_PIC = NO;
				GCC_NO_COMMON_BLOCKS = YES;
				GCC_OPTIMIZATION_LEVEL = 0;
				GCC_PREPROCESSOR_DEFINITIONS = (
					"DEBUG=1",
					"$(inherited)",
				);
				GCC_WARN_64_TO_32_BIT_CONVERSION = YES;
				GCC_WARN_ABOUT_RETURN_TYPE = YES_ERROR;
				GCC_WARN_UNDECLARED_SELECTOR = YES;
				GCC_WARN_UNINITIALIZED_AUTOS = YES_AGGRESSIVE;
				GCC_WARN_UNUSED_FUNCTION = YES;
				GCC_WARN_UNUSED_VARIABLE = YES;
				MACOSX_DEPLOYMENT_TARGET = 11.1;
				MTL_ENABLE_DEBUG_INFO = INCLUDE_SOURCE;
				MTL_FAST_MATH = YES;
				ONLY_ACTIVE_ARCH = YES;
				SDKROOT = macosx;
				SWIFT_ACTIVE_COMPILATION_CONDITIONS = DEBUG;
				SWIFT_OPTIMIZATION_LEVEL = "-Onone";
			};
			name = Debug;
		};
		E77503CE259F468600F1E263 /* Release */ = {
			isa = XCBuildConfiguration;
			buildSettings = {
				ALWAYS_SEARCH_USER_PATHS = NO;
				CLANG_ANALYZER_NONNULL = YES;
				CLANG_ANALYZER_NUMBER_OBJECT_CONVERSION = YES_AGGRESSIVE;
				CLANG_CXX_LANGUAGE_STANDARD = "gnu++14";
				CLANG_CXX_LIBRARY = "libc++";
				CLANG_ENABLE_MODULES = YES;
				CLANG_ENABLE_OBJC_ARC = YES;
				CLANG_ENABLE_OBJC_WEAK = YES;
				CLANG_WARN_BLOCK_CAPTURE_AUTORELEASING = YES;
				CLANG_WARN_BOOL_CONVERSION = YES;
				CLANG_WARN_COMMA = YES;
				CLANG_WARN_CONSTANT_CONVERSION = YES;
				CLANG_WARN_DEPRECATED_OBJC_IMPLEMENTATIONS = YES;
				CLANG_WARN_DIRECT_OBJC_ISA_USAGE = YES_ERROR;
				CLANG_WARN_DOCUMENTATION_COMMENTS = YES;
				CLANG_WARN_EMPTY_BODY = YES;
				CLANG_WARN_ENUM_CONVERSION = YES;
				CLANG_WARN_INFINITE_RECURSION = YES;
				CLANG_WARN_INT_CONVERSION = YES;
				CLANG_WARN_NON_LITERAL_NULL_CONVERSION = YES;
				CLANG_WARN_OBJC_IMPLICIT_RETAIN_SELF = YES;
				CLANG_WARN_OBJC_LITERAL_CONVERSION = YES;
				CLANG_WARN_OBJC_ROOT_CLASS = YES_ERROR;
				CLANG_WARN_QUOTED_INCLUDE_IN_FRAMEWORK_HEADER = YES;
				CLANG_WARN_RANGE_LOOP_ANALYSIS = YES;
				CLANG_WARN_STRICT_PROTOTYPES = YES;
				CLANG_WARN_SUSPICIOUS_MOVE = YES;
				CLANG_WARN_UNGUARDED_AVAILABILITY = YES_AGGRESSIVE;
				CLANG_WARN_UNREACHABLE_CODE = YES;
				CLANG_WARN__DUPLICATE_METHOD_MATCH = YES;
				COPY_PHASE_STRIP = NO;
				DEBUG_INFORMATION_FORMAT = "dwarf-with-dsym";
				ENABLE_NS_ASSERTIONS = NO;
				ENABLE_STRICT_OBJC_MSGSEND = YES;
				GCC_C_LANGUAGE_STANDARD = gnu11;
				GCC_NO_COMMON_BLOCKS = YES;
				GCC_WARN_64_TO_32_BIT_CONVERSION = YES;
				GCC_WARN_ABOUT_RETURN_TYPE = YES_ERROR;
				GCC_WARN_UNDECLARED_SELECTOR = YES;
				GCC_WARN_UNINITIALIZED_AUTOS = YES_AGGRESSIVE;
				GCC_WARN_UNUSED_FUNCTION = YES;
				GCC_WARN_UNUSED_VARIABLE = YES;
				MACOSX_DEPLOYMENT_TARGET = 11.1;
				MTL_ENABLE_DEBUG_INFO = NO;
				MTL_FAST_MATH = YES;
				SDKROOT = macosx;
				SWIFT_COMPILATION_MODE = wholemodule;
				SWIFT_OPTIMIZATION_LEVEL = "-O";
			};
			name = Release;
		};
		E77503D0259F468600F1E263 /* Debug */ = {
			isa = XCBuildConfiguration;
			buildSettings = {
				ASSETCATALOG_COMPILER_APPICON_NAME = AppIcon;
				ASSETCATALOG_COMPILER_GLOBAL_ACCENT_COLOR_NAME = AccentColor;
				CODE_SIGN_ENTITLEMENTS = JWLibrary/JWLibrary.entitlements;
				CODE_SIGN_IDENTITY = "-";
				CODE_SIGN_STYLE = Automatic;
				COMBINE_HIDPI_IMAGES = YES;
				DEVELOPMENT_ASSET_PATHS = "\"JWLibrary/Preview Content\"";
				DEVELOPMENT_TEAM = 8XWB6322TF;
				ENABLE_HARDENED_RUNTIME = YES;
				ENABLE_PREVIEWS = YES;
				INFOPLIST_FILE = JWLibrary/Info.plist;
				LD_RUNPATH_SEARCH_PATHS = (
					"$(inherited)",
					"@executable_path/../Frameworks",
				);
				MACOSX_DEPLOYMENT_TARGET = 11.0;
				PRODUCT_BUNDLE_IDENTIFIER = com.darioragusa.JWLibrary;
				PRODUCT_NAME = "JW Library";
				SWIFT_VERSION = 5.0;
			};
			name = Debug;
		};
		E77503D1259F468600F1E263 /* Release */ = {
			isa = XCBuildConfiguration;
			buildSettings = {
				ASSETCATALOG_COMPILER_APPICON_NAME = AppIcon;
				ASSETCATALOG_COMPILER_GLOBAL_ACCENT_COLOR_NAME = AccentColor;
				CODE_SIGN_ENTITLEMENTS = JWLibrary/JWLibrary.entitlements;
				CODE_SIGN_IDENTITY = "-";
				CODE_SIGN_STYLE = Automatic;
				COMBINE_HIDPI_IMAGES = YES;
				DEVELOPMENT_ASSET_PATHS = "\"JWLibrary/Preview Content\"";
				DEVELOPMENT_TEAM = 8XWB6322TF;
				ENABLE_HARDENED_RUNTIME = YES;
				ENABLE_PREVIEWS = YES;
				INFOPLIST_FILE = JWLibrary/Info.plist;
				LD_RUNPATH_SEARCH_PATHS = (
					"$(inherited)",
					"@executable_path/../Frameworks",
				);
				MACOSX_DEPLOYMENT_TARGET = 11.0;
				PRODUCT_BUNDLE_IDENTIFIER = com.darioragusa.JWLibrary;
				PRODUCT_NAME = "JW Library";
				SWIFT_VERSION = 5.0;
			};
			name = Release;
		};
/* End XCBuildConfiguration section */

/* Begin XCConfigurationList section */
		E77503BA259F468500F1E263 /* Build configuration list for PBXProject "JWLibrary" */ = {
			isa = XCConfigurationList;
			buildConfigurations = (
				E77503CD259F468600F1E263 /* Debug */,
				E77503CE259F468600F1E263 /* Release */,
			);
			defaultConfigurationIsVisible = 0;
			defaultConfigurationName = Release;
		};
		E77503CF259F468600F1E263 /* Build configuration list for PBXNativeTarget "JWLibrary" */ = {
			isa = XCConfigurationList;
			buildConfigurations = (
				E77503D0259F468600F1E263 /* Debug */,
				E77503D1259F468600F1E263 /* Release */,
			);
			defaultConfigurationIsVisible = 0;
			defaultConfigurationName = Release;
		};
/* End XCConfigurationList section */
	};
	rootObject = E77503B7259F468500F1E263 /* Project object */;
}
